# generated by rye
# use `rye lock` or `rye sync` to update this lockfile
#
# last locked with the following flags:
#   pre: false
#   features: []
#   all-features: false
#   with-sources: false

-e file:.
accessible-pygments==0.0.4
    # via pydata-sphinx-theme
aiohttp==3.9.5
    # via leaves
aiosignal==1.3.1
    # via aiohttp
aiosqlite==0.20.0
    # via leaves
alabaster==0.7.16
    # via sphinx
alembic==1.13.1
    # via leaves
annotated-types==0.6.0
    # via pydantic
anyio==4.3.0
    # via asyncer
    # via httpx
    # via httpx-ws
    # via jupyter-server
    # via starlette
appnope==0.1.4
    # via ipykernel
argon2-cffi==23.1.0
    # via jupyter-server
argon2-cffi-bindings==21.2.0
    # via argon2-cffi
arrow==1.3.0
    # via isoduration
asttokens==2.4.1
    # via stack-data
async-lru==2.0.4
    # via jupyterlab
    # via leaves
async-timeout==4.0.3
    # via asyncpg
    # via leaves
asyncer==0.0.5
    # via leaves
asyncpg==0.29.0
    # via leaves
attrs==23.2.0
    # via aiohttp
    # via jsonschema
    # via jupyter-cache
    # via referencing
babel==2.14.0
    # via jupyterlab-server
    # via pydata-sphinx-theme
    # via sphinx
bcrypt==4.1.3
    # via paramiko
beautifulsoup4==4.12.3
    # via nbconvert
    # via pydata-sphinx-theme
bitarray==2.9.2
    # via bitstring
bitstring==4.1.4
    # via esptool
bleach==6.1.0
    # via nbconvert
certifi==2024.2.2
    # via httpcore
    # via httpx
    # via requests
cffi==1.16.0
    # via argon2-cffi-bindings
    # via cryptography
    # via pynacl
cfgv==3.4.0
    # via pre-commit
charset-normalizer==3.3.2
    # via requests
click==8.1.7
    # via jupyter-book
    # via jupyter-cache
    # via sphinx-external-toc
    # via uvicorn
colored==2.2.4
    # via mpkernel
comm==0.2.2
    # via ipykernel
    # via ipywidgets
coverage==7.4.4
    # via coverage
    # via pytest-cov
cryptography==42.0.5
    # via cryptograpy
    # via esptool
    # via paramiko
    # via pyopenssl
cryptograpy==0.0.0
    # via leaves
debugpy==1.8.1
    # via ipykernel
decorator==5.1.1
    # via ipython
defusedxml==0.7.1
    # via nbconvert
distlib==0.3.8
    # via virtualenv
dnspython==2.6.1
    # via email-validator
docutils==0.20.1
    # via myst-parser
    # via pybtex-docutils
    # via pydata-sphinx-theme
    # via sphinx
    # via sphinx-togglebutton
    # via sphinxcontrib-bibtex
dukpy==0.3.1
    # via javascripthon
ecdsa==0.19.0
    # via esptool
email-validator==2.1.1
    # via pydantic
esptool==4.7.0
executing==2.0.1
    # via stack-data
fastapi==0.110.1
    # via fastapi-analytics
    # via leaves
fastapi-analytics==1.2.2
    # via leaves
fastapi-async-sqlalchemy==0.6.1
    # via leaves
fastjsonschema==2.19.1
    # via nbformat
filelock==3.13.3
    # via virtualenv
fqdn==1.5.1
    # via jsonschema
frozenlist==1.4.1
    # via aiohttp
    # via aiosignal
ghp-import==2.1.0
greenlet==3.0.3
    # via leaves
h11==0.14.0
    # via httpcore
    # via uvicorn
    # via wsproto
httpcore==1.0.5
    # via httpx
    # via httpx-ws
httpx==0.27.0
    # via httpx-ws
    # via jupyterlab
    # via leaves
httpx-ws==0.5.2
    # via leaves
identify==2.5.35
    # via pre-commit
idna==3.6
    # via anyio
    # via email-validator
    # via httpx
    # via jsonschema
    # via requests
    # via yarl
imagesize==1.4.1
    # via sphinx
importlib-metadata==7.1.0
    # via jupyter-cache
    # via mpremote
    # via myst-nb
iniconfig==2.0.0
    # via pytest
intelhex==2.3.0
    # via esptool
ipykernel==6.29.4
    # via jupyter
    # via jupyter-console
    # via jupyterlab
    # via mpkernel
    # via myst-nb
    # via qtconsole
ipython==8.23.0
    # via ipykernel
    # via ipywidgets
    # via jupyter-console
    # via myst-nb
ipywidgets==8.1.2
    # via jupyter
isoduration==20.11.0
    # via jsonschema
javascripthon==0.12
jedi==0.19.1
    # via ipython
jinja2==3.1.3
    # via jupyter-book
    # via jupyter-server
    # via jupyterlab
    # via jupyterlab-server
    # via myst-parser
    # via nbconvert
    # via pdoc
    # via sphinx
json5==0.9.24
    # via jupyterlab-server
jsonpointer==2.4
    # via jsonschema
jsonschema==4.21.1
    # via jupyter-book
    # via jupyter-events
    # via jupyterlab-server
    # via nbformat
jsonschema-specifications==2023.12.1
    # via jsonschema
jupyter==1.0.0
jupyter-book==1.0.0
jupyter-cache==1.0.0
    # via myst-nb
jupyter-client==8.6.1
    # via ipykernel
    # via jupyter-console
    # via jupyter-server
    # via mpkernel
    # via nbclient
    # via qtconsole
jupyter-console==6.6.3
    # via jupyter
jupyter-core==5.7.2
    # via ipykernel
    # via jupyter-client
    # via jupyter-console
    # via jupyter-server
    # via jupyterlab
    # via nbclient
    # via nbconvert
    # via nbformat
    # via qtconsole
jupyter-events==0.10.0
    # via jupyter-server
jupyter-lsp==2.2.4
    # via jupyterlab
jupyter-server==2.13.0
    # via jupyter-lsp
    # via jupyterlab
    # via jupyterlab-server
    # via notebook
    # via notebook-shim
jupyter-server-terminals==0.5.3
    # via jupyter-server
jupyterlab==4.1.5
    # via notebook
jupyterlab-pygments==0.3.0
    # via nbconvert
jupyterlab-server==2.25.4
    # via jupyterlab
    # via notebook
jupyterlab-widgets==3.0.10
    # via ipywidgets
latexcodec==3.0.0
    # via pybtex
linkify-it-py==2.0.3
    # via jupyter-book
mako==1.3.2
    # via alembic
markdown-it-py==3.0.0
    # via mdit-py-plugins
    # via myst-parser
markupsafe==2.1.5
    # via jinja2
    # via mako
    # via nbconvert
    # via pdoc
matplotlib-inline==0.1.6
    # via ipykernel
    # via ipython
mdit-py-plugins==0.4.0
    # via myst-parser
mdurl==0.1.2
    # via markdown-it-py
mergedeep==1.3.4
    # via leaves
mistune==3.0.2
    # via nbconvert
mpkernel @ file:///Users/boser/Dropbox/iot/mpkernel
mpremote==1.22.0
    # via mpkernel
multidict==6.0.5
    # via aiohttp
    # via yarl
myst-nb==1.0.0
    # via jupyter-book
myst-parser==2.0.0
    # via jupyter-book
    # via myst-nb
nbclient==0.10.0
    # via jupyter-cache
    # via myst-nb
    # via nbconvert
nbconvert==7.16.3
    # via jupyter
    # via jupyter-server
nbformat==5.10.4
    # via jupyter-cache
    # via jupyter-server
    # via myst-nb
    # via nbclient
    # via nbconvert
nest-asyncio==1.6.0
    # via ipykernel
nodeenv==1.8.0
    # via pre-commit
notebook==7.1.2
    # via jupyter
notebook-shim==0.2.4
    # via jupyterlab
    # via notebook
overrides==7.7.0
    # via jupyter-server
packaging==24.0
    # via ipykernel
    # via jupyter-server
    # via jupyterlab
    # via jupyterlab-server
    # via nbconvert
    # via pydata-sphinx-theme
    # via pytest
    # via qtconsole
    # via qtpy
    # via sphinx
    # via sphinx-jupyterbook-latex
pandocfilters==1.5.1
    # via nbconvert
paramiko==3.4.0
    # via leaves
parso==0.8.3
    # via jedi
pdoc==14.4.0
pexpect==4.9.0
    # via ipython
platformdirs==4.2.0
    # via jupyter-core
    # via virtualenv
pluggy==1.4.0
    # via pytest
pre-commit==3.7.0
prometheus-client==0.20.0
    # via jupyter-server
prompt-toolkit==3.0.43
    # via ipython
    # via jupyter-console
psutil==5.9.8
    # via ipykernel
psycopg2-binary==2.9.9
ptyprocess==0.7.0
    # via pexpect
    # via terminado
pure-eval==0.2.2
    # via stack-data
pybtex==0.24.0
    # via pybtex-docutils
    # via sphinxcontrib-bibtex
pybtex-docutils==1.0.3
    # via sphinxcontrib-bibtex
pycparser==2.22
    # via cffi
pydantic==2.6.4
    # via fastapi
    # via leaves
    # via pydantic
    # via pydantic-settings
    # via sqlmodel
pydantic-core==2.16.3
    # via pydantic
pydantic-settings==2.2.1
    # via leaves
pydata-sphinx-theme==0.15.2
    # via sphinx-book-theme
pygments==2.17.2
    # via accessible-pygments
    # via ipython
    # via jupyter-console
    # via nbconvert
    # via pdoc
    # via pydata-sphinx-theme
    # via qtconsole
    # via sphinx
pyjwt==2.8.0
    # via leaves
pynacl==1.5.0
    # via paramiko
pyopenssl==24.1.0
    # via leaves
pyserial==3.5
    # via esptool
    # via mpremote
pytest==8.1.1
    # via leaves
    # via pytest-asyncio
    # via pytest-cov
    # via pytest-mock
pytest-asyncio==0.23.6
    # via leaves
pytest-cov==5.0.0
    # via leaves
pytest-mock==3.14.0
python-dateutil==2.9.0.post0
    # via arrow
    # via ghp-import
    # via jupyter-client
python-dotenv==1.0.1
    # via leaves
    # via pydantic-settings
python-json-logger==2.0.7
    # via jupyter-events
pyyaml==6.0.1
    # via esptool
    # via jupyter-book
    # via jupyter-cache
    # via jupyter-events
    # via leaves
    # via myst-nb
    # via myst-parser
    # via pre-commit
    # via pybtex
    # via sphinx-external-toc
pyzmq==25.1.2
    # via ipykernel
    # via jupyter-client
    # via jupyter-console
    # via jupyter-server
    # via qtconsole
qtconsole==5.5.1
    # via jupyter
qtpy==2.4.1
    # via qtconsole
reedsolo==1.7.0
    # via esptool
referencing==0.34.0
    # via jsonschema
    # via jsonschema-specifications
    # via jupyter-events
requests==2.31.0
    # via fastapi-analytics
    # via jupyterlab-server
    # via sphinx
rfc3339-validator==0.1.4
    # via jsonschema
    # via jupyter-events
rfc3986-validator==0.1.1
    # via jsonschema
    # via jupyter-events
rpds-py==0.18.0
    # via jsonschema
    # via referencing
ruff==0.3.5
    # via leaves
send2trash==1.8.2
    # via jupyter-server
six==1.16.0
    # via asttokens
    # via bleach
    # via ecdsa
    # via pybtex
    # via python-dateutil
    # via rfc3339-validator
sniffio==1.3.1
    # via anyio
    # via httpx
snowballstemmer==2.2.0
    # via sphinx
soupsieve==2.5
    # via beautifulsoup4
sphinx==7.2.6
    # via jupyter-book
    # via myst-nb
    # via myst-parser
    # via pydata-sphinx-theme
    # via sphinx-book-theme
    # via sphinx-comments
    # via sphinx-copybutton
    # via sphinx-design
    # via sphinx-external-toc
    # via sphinx-jupyterbook-latex
    # via sphinx-multitoc-numbering
    # via sphinx-thebe
    # via sphinx-togglebutton
    # via sphinxcontrib-bibtex
sphinx-book-theme==1.1.2
    # via jupyter-book
sphinx-comments==0.0.3
    # via jupyter-book
sphinx-copybutton==0.5.2
    # via jupyter-book
sphinx-design==0.5.0
    # via jupyter-book
sphinx-external-toc==1.0.1
    # via jupyter-book
sphinx-jupyterbook-latex==1.0.0
    # via jupyter-book
sphinx-multitoc-numbering==0.1.3
    # via jupyter-book
sphinx-thebe==0.3.1
    # via jupyter-book
sphinx-togglebutton==0.3.2
    # via jupyter-book
sphinxcontrib-applehelp==1.0.8
    # via sphinx
sphinxcontrib-bibtex==2.6.2
    # via jupyter-book
sphinxcontrib-devhelp==1.0.6
    # via sphinx
sphinxcontrib-htmlhelp==2.0.5
    # via sphinx
sphinxcontrib-jsmath==1.0.1
    # via sphinx
sphinxcontrib-qthelp==1.0.7
    # via sphinx
sphinxcontrib-serializinghtml==1.1.10
    # via sphinx
sqlalchemy==2.0.29
    # via alembic
    # via fastapi-async-sqlalchemy
    # via jupyter-cache
    # via sqlalchemy-utils
    # via sqlmodel
sqlalchemy-utils==0.41.2
    # via leaves
sqlmodel==0.0.16
    # via leaves
stack-data==0.6.3
    # via ipython
starlette==0.37.2
    # via fastapi
    # via fastapi-async-sqlalchemy
tabulate==0.9.0
    # via jupyter-cache
terminado==0.18.1
    # via jupyter-server
    # via jupyter-server-terminals
tinycss2==1.2.1
    # via nbconvert
tornado==6.4
    # via ipykernel
    # via jupyter-client
    # via jupyter-server
    # via jupyterlab
    # via notebook
    # via terminado
traitlets==5.14.2
    # via comm
    # via ipykernel
    # via ipython
    # via ipywidgets
    # via jupyter-client
    # via jupyter-console
    # via jupyter-core
    # via jupyter-events
    # via jupyter-server
    # via jupyterlab
    # via matplotlib-inline
    # via nbclient
    # via nbconvert
    # via nbformat
    # via qtconsole
types-python-dateutil==2.9.0.20240316
    # via arrow
typing-extensions==4.10.0
    # via aiosqlite
    # via alembic
    # via fastapi
    # via ipython
    # via myst-nb
    # via pydantic
    # via pydantic-core
    # via pydata-sphinx-theme
    # via sqlalchemy
uc-micro-py==1.0.3
    # via linkify-it-py
uri-template==1.3.0
    # via jsonschema
urllib3==2.2.1
    # via requests
uvicorn==0.29.0
    # via leaves
virtualenv==20.25.1
    # via pre-commit
wcwidth==0.2.13
    # via prompt-toolkit
webcolors==1.13
    # via jsonschema
webencodings==0.5.1
    # via bleach
    # via tinycss2
websocket-client==1.7.0
    # via jupyter-server
websockets==12.0
    # via leaves
wheel==0.43.0
    # via sphinx-togglebutton
widgetsnbextension==4.0.10
    # via ipywidgets
wsproto==1.2.0
    # via httpx-ws
yarl==1.9.4
    # via aiohttp
zipp==3.18.1
    # via importlib-metadata
setuptools==69.2.0
    # via javascripthon
    # via nodeenv
    # via sphinx-togglebutton
